// !$*UTF8*$!
{
	archiveVersion = 1;
	classes = {
	};
	objectVersion = 50;
	objects = {

/* Begin PBXBuildFile section */
		03364C7721BCD33300C80A66 /* AppDelegate.swift in Sources */ = {isa = PBXBuildFile; fileRef = 03364C7621BCD33300C80A66 /* AppDelegate.swift */; };
		03364C7921BCD33300C80A66 /* WelcomeVC.swift in Sources */ = {isa = PBXBuildFile; fileRef = 03364C7821BCD33300C80A66 /* WelcomeVC.swift */; };
		03364C7C21BCD33400C80A66 /* Main.storyboard in Resources */ = {isa = PBXBuildFile; fileRef = 03364C7A21BCD33400C80A66 /* Main.storyboard */; };
		03364C7E21BCD35100C80A66 /* Assets.xcassets in Resources */ = {isa = PBXBuildFile; fileRef = 03364C7D21BCD35100C80A66 /* Assets.xcassets */; };
		03364C8121BCD35100C80A66 /* LaunchScreen.storyboard in Resources */ = {isa = PBXBuildFile; fileRef = 03364C7F21BCD35100C80A66 /* LaunchScreen.storyboard */; };
		03364C8A21BCDCC800C80A66 /* BorderButton.swift in Sources */ = {isa = PBXBuildFile; fileRef = 03364C8921BCDCC800C80A66 /* BorderButton.swift */; };
		03E3FDC421CC71CE00C2407B /* Player.swift in Sources */ = {isa = PBXBuildFile; fileRef = 03E3FDC321CC71CE00C2407B /* Player.swift */; };
		03FCC8F921C39D8700CEF4A6 /* LeagueVC.swift in Sources */ = {isa = PBXBuildFile; fileRef = 03FCC8F821C39D8700CEF4A6 /* LeagueVC.swift */; };
		03FCC8FB21C39D9900CEF4A6 /* SkillVC.swift in Sources */ = {isa = PBXBuildFile; fileRef = 03FCC8FA21C39D9900CEF4A6 /* SkillVC.swift */; };
/* End PBXBuildFile section */

/* Begin PBXFileReference section */
		03364C7321BCD33200C80A66 /* app-swoosh.app */ = {isa = PBXFileReference; explicitFileType = wrapper.application; includeInIndex = 0; path = "app-swoosh.app"; sourceTree = BUILT_PRODUCTS_DIR; };
		03364C7621BCD33300C80A66 /* AppDelegate.swift */ = {isa = PBXFileReference; lastKnownFileType = sourcecode.swift; path = AppDelegate.swift; sourceTree = "<group>"; };
		03364C7821BCD33300C80A66 /* WelcomeVC.swift */ = {isa = PBXFileReference; lastKnownFileType = sourcecode.swift; path = WelcomeVC.swift; sourceTree = "<group>"; };
		03364C7B21BCD33400C80A66 /* Base */ = {isa = PBXFileReference; lastKnownFileType = file.storyboard; name = Base; path = Base.lproj/Main.storyboard; sourceTree = "<group>"; };
		03364C7D21BCD35100C80A66 /* Assets.xcassets */ = {isa = PBXFileReference; lastKnownFileType = folder.assetcatalog; path = Assets.xcassets; sourceTree = "<group>"; };
		03364C8021BCD35100C80A66 /* Base */ = {isa = PBXFileReference; lastKnownFileType = file.storyboard; name = Base; path = Base.lproj/LaunchScreen.storyboard; sourceTree = "<group>"; };
		03364C8221BCD35100C80A66 /* Info.plist */ = {isa = PBXFileReference; lastKnownFileType = text.plist.xml; path = Info.plist; sourceTree = "<group>"; };
		03364C8921BCDCC800C80A66 /* BorderButton.swift */ = {isa = PBXFileReference; lastKnownFileType = sourcecode.swift; path = BorderButton.swift; sourceTree = "<group>"; };
		03E3FDC321CC71CE00C2407B /* Player.swift */ = {isa = PBXFileReference; lastKnownFileType = sourcecode.swift; path = Player.swift; sourceTree = "<group>"; };
		03FCC8F821C39D8700CEF4A6 /* LeagueVC.swift */ = {isa = PBXFileReference; lastKnownFileType = sourcecode.swift; path = LeagueVC.swift; sourceTree = "<group>"; };
		03FCC8FA21C39D9900CEF4A6 /* SkillVC.swift */ = {isa = PBXFileReference; lastKnownFileType = sourcecode.swift; path = SkillVC.swift; sourceTree = "<group>"; };
/* End PBXFileReference section */

/* Begin PBXFrameworksBuildPhase section */
		03364C7021BCD33200C80A66 /* Frameworks */ = {
			isa = PBXFrameworksBuildPhase;
			buildActionMask = 2147483647;
			files = (
			);
			runOnlyForDeploymentPostprocessing = 0;
		};
/* End PBXFrameworksBuildPhase section */

/* Begin PBXGroup section */
		03364C6A21BCD33000C80A66 = {
			isa = PBXGroup;
			children = (
				03364C7521BCD33200C80A66 /* app-swoosh */,
				03364C7421BCD33200C80A66 /* Products */,
			);
			sourceTree = "<group>";
		};
		03364C7421BCD33200C80A66 /* Products */ = {
			isa = PBXGroup;
			children = (
				03364C7321BCD33200C80A66 /* app-swoosh.app */,
			);
			name = Products;
			sourceTree = "<group>";
		};
		03364C7521BCD33200C80A66 /* app-swoosh */ = {
			isa = PBXGroup;
			children = (
				0386156821C39AAF001D5086 /* Controller */,
				0386156721C39AA4001D5086 /* Model */,
				03364C8821BCDC7900C80A66 /* View */,
				03364C7621BCD33300C80A66 /* AppDelegate.swift */,
				03364C7A21BCD33400C80A66 /* Main.storyboard */,
				03364C7D21BCD35100C80A66 /* Assets.xcassets */,
				03364C7F21BCD35100C80A66 /* LaunchScreen.storyboard */,
				03364C8221BCD35100C80A66 /* Info.plist */,
			);
			path = "app-swoosh";
			sourceTree = "<group>";
		};
		03364C8821BCDC7900C80A66 /* View */ = {
			isa = PBXGroup;
			children = (
				03364C8921BCDCC800C80A66 /* BorderButton.swift */,
			);
			path = View;
			sourceTree = "<group>";
		};
		0386156721C39AA4001D5086 /* Model */ = {
			isa = PBXGroup;
			children = (
				03E3FDC321CC71CE00C2407B /* Player.swift */,
			);
			path = Model;
			sourceTree = "<group>";
		};
		0386156821C39AAF001D5086 /* Controller */ = {
			isa = PBXGroup;
			children = (
				03364C7821BCD33300C80A66 /* WelcomeVC.swift */,
				03FCC8F821C39D8700CEF4A6 /* LeagueVC.swift */,
				03FCC8FA21C39D9900CEF4A6 /* SkillVC.swift */,
			);
			path = Controller;
			sourceTree = "<group>";
		};
/* End PBXGroup section */

/* Begin PBXNativeTarget section */
		03364C7221BCD33200C80A66 /* app-swoosh */ = {
			isa = PBXNativeTarget;
			buildConfigurationList = 03364C8521BCD35200C80A66 /* Build configuration list for PBXNativeTarget "app-swoosh" */;
			buildPhases = (
				03364C6F21BCD33200C80A66 /* Sources */,
				03364C7021BCD33200C80A66 /* Frameworks */,
				03364C7121BCD33200C80A66 /* Resources */,
			);
			buildRules = (
			);
			dependencies = (
			);
			name = "app-swoosh";
			productName = "app-swoosh";
			productReference = 03364C7321BCD33200C80A66 /* app-swoosh.app */;
			productType = "com.apple.product-type.application";
		};
/* End PBXNativeTarget section */

/* Begin PBXProject section */
		03364C6B21BCD33100C80A66 /* Project object */ = {
			isa = PBXProject;
			attributes = {
				LastSwiftUpdateCheck = 0930;
				LastUpgradeCheck = 0930;
				ORGANIZATIONNAME = joshmack;
				TargetAttributes = {
					03364C7221BCD33200C80A66 = {
						CreatedOnToolsVersion = 9.3;
						LastSwiftMigration = 1010;
					};
				};
			};
			buildConfigurationList = 03364C6E21BCD33100C80A66 /* Build configuration list for PBXProject "app-swoosh" */;
			compatibilityVersion = "Xcode 9.3";
			developmentRegion = en;
			hasScannedForEncodings = 0;
			knownRegions = (
				en,
				Base,
			);
			mainGroup = 03364C6A21BCD33000C80A66;
			productRefGroup = 03364C7421BCD33200C80A66 /* Products */;
			projectDirPath = "";
			projectRoot = "";
			targets = (
				03364C7221BCD33200C80A66 /* app-swoosh */,
			);
		};
/* End PBXProject section */

/* Begin PBXResourcesBuildPhase section */
		03364C7121BCD33200C80A66 /* Resources */ = {
			isa = PBXResourcesBuildPhase;
			buildActionMask = 2147483647;
			files = (
				03364C8121BCD35100C80A66 /* LaunchScreen.storyboard in Resources */,
				03364C7E21BCD35100C80A66 /* Assets.xcassets in Resources */,
				03364C7C21BCD33400C80A66 /* Main.storyboard in Resources */,
			);
			runOnlyForDeploymentPostprocessing = 0;
		};
/* End PBXResourcesBuildPhase section */

/* Begin PBXSourcesBuildPhase section */
		03364C6F21BCD33200C80A66 /* Sources */ = {
			isa = PBXSourcesBuildPhase;
			buildActionMask = 2147483647;
			files = (
				03364C7921BCD33300C80A66 /* WelcomeVC.swift in Sources */,
				03FCC8F921C39D8700CEF4A6 /* LeagueVC.swift in Sources */,
				03364C7721BCD33300C80A66 /* AppDelegate.swift in Sources */,
				03FCC8FB21C39D9900CEF4A6 /* SkillVC.swift in Sources */,
				03E3FDC421CC71CE00C2407B /* Player.swift in Sources */,
				03364C8A21BCDCC800C80A66 /* BorderButton.swift in Sources */,
			);
			runOnlyForDeploymentPostprocessing = 0;
		};
/* End PBXSourcesBuildPhase section */

/* Begin PBXVariantGroup section */
		03364C7A21BCD33400C80A66 /* Main.storyboard */ = {
			isa = PBXVariantGroup;
			children = (
				03364C7B21BCD33400C80A66 /* Base */,
			);
			name = Main.storyboard;
			sourceTree = "<group>";
		};
		03364C7F21BCD35100C80A66 /* LaunchScreen.storyboard */ = {
			isa = PBXVariantGroup;
			children = (
				03364C8021BCD35100C80A66 /* Base */,
			);
			name = LaunchScreen.storyboard;
			sourceTree = "<group>";
		};
/* End PBXVariantGroup section */

/* Begin XCBuildConfiguration section */
		03364C8321BCD35200C80A66 /* Debug */ = {
			isa = XCBuildConfiguration;
			buildSettings = {
				ALWAYS_SEARCH_USER_PATHS = NO;
				CLANG_ANALYZER_NONNULL = YES;
				CLANG_ANALYZER_NUMBER_OBJECT_CONVERSION = YES_AGGRESSIVE;
				CLANG_CXX_LANGUAGE_STANDARD = "gnu++14";
				CLANG_CXX_LIBRARY = "libc++";
				CLANG_ENABLE_MODULES = YES;
				CLANG_ENABLE_OBJC_ARC = YES;
				CLANG_ENABLE_OBJC_WEAK = YES;
				CLANG_WARN_BLOCK_CAPTURE_AUTORELEASING = YES;
				CLANG_WARN_BOOL_CONVERSION = YES;
				CLANG_WARN_COMMA = YES;
				CLANG_WARN_CONSTANT_CONVERSION = YES;
				CLANG_WARN_DEPRECATED_OBJC_IMPLEMENTATIONS = YES;
				CLANG_WARN_DIRECT_OBJC_ISA_USAGE = YES_ERROR;
				CLANG_WARN_DOCUMENTATION_COMMENTS = YES;
				CLANG_WARN_EMPTY_BODY = YES;
				CLANG_WARN_ENUM_CONVERSION = YES;
				CLANG_WARN_INFINITE_RECURSION = YES;
				CLANG_WARN_INT_CONVERSION = YES;
				CLANG_WARN_NON_LITERAL_NULL_CONVERSION = YES;
				CLANG_WARN_OBJC_IMPLICIT_RETAIN_SELF = YES;
				CLANG_WARN_OBJC_LITERAL_CONVERSION = YES;
				CLANG_WARN_OBJC_ROOT_CLASS = YES_ERROR;
				CLANG_WARN_RANGE_LOOP_ANALYSIS = YES;
				CLANG_WARN_STRICT_PROTOTYPES = YES;
				CLANG_WARN_SUSPICIOUS_MOVE = YES;
				CLANG_WARN_UNGUARDED_AVAILABILITY = YES_AGGRESSIVE;
				CLANG_WARN_UNREACHABLE_CODE = YES;
				CLANG_WARN__DUPLICATE_METHOD_MATCH = YES;
				CODE_SIGN_IDENTITY = "iPhone Developer";
				COPY_PHASE_STRIP = NO;
				DEBUG_INFORMATION_FORMAT = dwarf;
				ENABLE_STRICT_OBJC_MSGSEND = YES;
				ENABLE_TESTABILITY = YES;
				GCC_C_LANGUAGE_STANDARD = gnu11;
				GCC_DYNAMIC_NO_PIC = NO;
				GCC_NO_COMMON_BLOCKS = YES;
				GCC_OPTIMIZATION_LEVEL = 0;
				GCC_PREPROCESSOR_DEFINITIONS = (
					"DEBUG=1",
					"$(inherited)",
				);
				GCC_WARN_64_TO_32_BIT_CONVERSION = YES;
				GCC_WARN_ABOUT_RETURN_TYPE = YES_ERROR;
				GCC_WARN_UNDECLARED_SELECTOR = YES;
				GCC_WARN_UNINITIALIZED_AUTOS = YES_AGGRESSIVE;
				GCC_WARN_UNUSED_FUNCTION = YES;
				GCC_WARN_UNUSED_VARIABLE = YES;
				IPHONEOS_DEPLOYMENT_TARGET = 11.3;
				MTL_ENABLE_DEBUG_INFO = YES;
				ONLY_ACTIVE_ARCH = YES;
				SDKROOT = iphoneos;
				SWIFT_ACTIVE_COMPILATION_CONDITIONS = DEBUG;
				SWIFT_OPTIMIZATION_LEVEL = "-Onone";
			};
			name = Debug;
		};
		03364C8421BCD35200C80A66 /* Release */ = {
			isa = XCBuildConfiguration;
			buildSettings = {
				ALWAYS_SEARCH_USER_PATHS = NO;
				CLANG_ANALYZER_NONNULL = YES;
				CLANG_ANALYZER_NUMBER_OBJECT_CONVERSION = YES_AGGRESSIVE;
				CLANG_CXX_LANGUAGE_STANDARD = "gnu++14";
				CLANG_CXX_LIBRARY = "libc++";
				CLANG_ENABLE_MODULES = YES;
				CLANG_ENABLE_OBJC_ARC = YES;
				CLANG_ENABLE_OBJC_WEAK = YES;
				CLANG_WARN_BLOCK_CAPTURE_AUTORELEASING = YES;
				CLANG_WARN_BOOL_CONVERSION = YES;
				CLANG_WARN_COMMA = YES;
				CLANG_WARN_CONSTANT_CONVERSION = YES;
				CLANG_WARN_DEPRECATED_OBJC_IMPLEMENTATIONS = YES;
				CLANG_WARN_DIRECT_OBJC_ISA_USAGE = YES_ERROR;
				CLANG_WARN_DOCUMENTATION_COMMENTS = YES;
				CLANG_WARN_EMPTY_BODY = YES;
				CLANG_WARN_ENUM_CONVERSION = YES;
				CLANG_WARN_INFINITE_RECURSION = YES;
				CLANG_WARN_INT_CONVERSION = YES;
				CLANG_WARN_NON_LITERAL_NULL_CONVERSION = YES;
				CLANG_WARN_OBJC_IMPLICIT_RETAIN_SELF = YES;
				CLANG_WARN_OBJC_LITERAL_CONVERSION = YES;
				CLANG_WARN_OBJC_ROOT_CLASS = YES_ERROR;
				CLANG_WARN_RANGE_LOOP_ANALYSIS = YES;
				CLANG_WARN_STRICT_PROTOTYPES = YES;
				CLANG_WARN_SUSPICIOUS_MOVE = YES;
				CLANG_WARN_UNGUARDED_AVAILABILITY = YES_AGGRESSIVE;
				CLANG_WARN_UNREACHABLE_CODE = YES;
				CLANG_WARN__DUPLICATE_METHOD_MATCH = YES;
				CODE_SIGN_IDENTITY = "iPhone Developer";
				COPY_PHASE_STRIP = NO;
				DEBUG_INFORMATION_FORMAT = "dwarf-with-dsym";
				ENABLE_NS_ASSERTIONS = NO;
				ENABLE_STRICT_OBJC_MSGSEND = YES;
				GCC_C_LANGUAGE_STANDARD = gnu11;
				GCC_NO_COMMON_BLOCKS = YES;
				GCC_WARN_64_TO_32_BIT_CONVERSION = YES;
				GCC_WARN_ABOUT_RETURN_TYPE = YES_ERROR;
				GCC_WARN_UNDECLARED_SELECTOR = YES;
				GCC_WARN_UNINITIALIZED_AUTOS = YES_AGGRESSIVE;
				GCC_WARN_UNUSED_FUNCTION = YES;
				GCC_WARN_UNUSED_VARIABLE = YES;
				IPHONEOS_DEPLOYMENT_TARGET = 11.3;
				MTL_ENABLE_DEBUG_INFO = NO;
				SDKROOT = iphoneos;
				SWIFT_COMPILATION_MODE = wholemodule;
				SWIFT_OPTIMIZATION_LEVEL = "-O";
				VALIDATE_PRODUCT = YES;
			};
			name = Release;
		};
		03364C8621BCD35200C80A66 /* Debug */ = {
			isa = XCBuildConfiguration;
			buildSettings = {
				ASSETCATALOG_COMPILER_APPICON_NAME = AppIcon;
				CODE_SIGN_STYLE = Automatic;
				DEVELOPMENT_TEAM = 9CCT4GUR37;
				INFOPLIST_FILE = "app-swoosh/Info.plist";
				LD_RUNPATH_SEARCH_PATHS = (
					"$(inherited)",
					"@executable_path/Frameworks",
				);
				PRODUCT_BUNDLE_IDENTIFIER = "com.mack.app-swoosh";
				PRODUCT_NAME = "$(TARGET_NAME)";
				SWIFT_VERSION = 4.2;
				TARGETED_DEVICE_FAMILY = "1,2";
			};
			name = Debug;
		};
		03364C8721BCD35200C80A66 /* Release */ = {
			isa = XCBuildConfiguration;
			buildSettings = {
				ASSETCATALOG_COMPILER_APPICON_NAME = AppIcon;
				CODE_SIGN_STYLE = Automatic;
				DEVELOPMENT_TEAM = 9CCT4GUR37;
				INFOPLIST_FILE = "app-swoosh/Info.plist";
				LD_RUNPATH_SEARCH_PATHS = (
					"$(inherited)",
					"@executable_path/Frameworks",
				);
				PRODUCT_BUNDLE_IDENTIFIER = "com.mack.app-swoosh";
				PRODUCT_NAME = "$(TARGET_NAME)";
				SWIFT_VERSION = 4.2;
				TARGETED_DEVICE_FAMILY = "1,2";
			};
			name = Release;
		};
/* End XCBuildConfiguration section */

/* Begin XCConfigurationList section */
		03364C6E21BCD33100C80A66 /* Build configuration list for PBXProject "app-swoosh" */ = {
			isa = XCConfigurationList;
			buildConfigurations = (
				03364C8321BCD35200C80A66 /* Debug */,
				03364C8421BCD35200C80A66 /* Release */,
			);
			defaultConfigurationIsVisible = 0;
			defaultConfigurationName = Release;
		};
		03364C8521BCD35200C80A66 /* Build configuration list for PBXNativeTarget "app-swoosh" */ = {
			isa = XCConfigurationList;
			buildConfigurations = (
				03364C8621BCD35200C80A66 /* Debug */,
				03364C8721BCD35200C80A66 /* Release */,
			);
			defaultConfigurationIsVisible = 0;
			defaultConfigurationName = Release;
		};
/* End XCConfigurationList section */
	};
	rootObject = 03364C6B21BCD33100C80A66 /* Project object */;
}
